// !$*UTF8*$!
{
	archiveVersion = 1;
	classes = {
	};
	objectVersion = 46;
	objects = {

/* Begin PBXBuildFile section */
		FE8414D61CCF51500099F106 /* AppDelegate.swift in Sources */ = {isa = PBXBuildFile; fileRef = FE8414D51CCF51500099F106 /* AppDelegate.swift */; };
		FE8414D81CCF51510099F106 /* Assets.xcassets in Resources */ = {isa = PBXBuildFile; fileRef = FE8414D71CCF51510099F106 /* Assets.xcassets */; };
		FE8414DB1CCF51510099F106 /* MainMenu.xib in Resources */ = {isa = PBXBuildFile; fileRef = FE8414D91CCF51510099F106 /* MainMenu.xib */; };
		FE8414E81CCF5FE30099F106 /* MBProgressHUD.m in Sources */ = {isa = PBXBuildFile; fileRef = FE8414E71CCF5FE30099F106 /* MBProgressHUD.m */; };
/* End PBXBuildFile section */

/* Begin PBXFileReference section */
		FE8414D21CCF51500099F106 /* ProofChecker.app */ = {isa = PBXFileReference; explicitFileType = wrapper.application; includeInIndex = 0; path = ProofChecker.app; sourceTree = BUILT_PRODUCTS_DIR; };
		FE8414D51CCF51500099F106 /* AppDelegate.swift */ = {isa = PBXFileReference; lastKnownFileType = sourcecode.swift; path = AppDelegate.swift; sourceTree = "<group>"; };
		FE8414D71CCF51510099F106 /* Assets.xcassets */ = {isa = PBXFileReference; lastKnownFileType = folder.assetcatalog; path = Assets.xcassets; sourceTree = "<group>"; };
		FE8414DA1CCF51510099F106 /* Base */ = {isa = PBXFileReference; lastKnownFileType = file.xib; name = Base; path = Base.lproj/MainMenu.xib; sourceTree = "<group>"; };
		FE8414DC1CCF51510099F106 /* Info.plist */ = {isa = PBXFileReference; lastKnownFileType = text.plist.xml; path = Info.plist; sourceTree = "<group>"; };
		FE8414E21CCF5F6C0099F106 /* ProofChecker-Bridging-Header.h */ = {isa = PBXFileReference; lastKnownFileType = sourcecode.c.h; path = "ProofChecker-Bridging-Header.h"; sourceTree = "<group>"; };
		FE8414E61CCF5FE30099F106 /* MBProgressHUD.h */ = {isa = PBXFileReference; fileEncoding = 4; lastKnownFileType = sourcecode.c.h; path = MBProgressHUD.h; sourceTree = "<group>"; };
		FE8414E71CCF5FE30099F106 /* MBProgressHUD.m */ = {isa = PBXFileReference; fileEncoding = 4; lastKnownFileType = sourcecode.c.objc; path = MBProgressHUD.m; sourceTree = "<group>"; };
/* End PBXFileReference section */

/* Begin PBXFrameworksBuildPhase section */
		FE8414CF1CCF51500099F106 /* Frameworks */ = {
			isa = PBXFrameworksBuildPhase;
			buildActionMask = 2147483647;
			files = (
			);
			runOnlyForDeploymentPostprocessing = 0;
		};
/* End PBXFrameworksBuildPhase section */

/* Begin PBXGroup section */
		FE8414C91CCF51500099F106 = {
			isa = PBXGroup;
			children = (
				FE8414D41CCF51500099F106 /* ProofChecker */,
				FE8414D31CCF51500099F106 /* Products */,
			);
			sourceTree = "<group>";
		};
		FE8414D31CCF51500099F106 /* Products */ = {
			isa = PBXGroup;
			children = (
				FE8414D21CCF51500099F106 /* ProofChecker.app */,
			);
			name = Products;
			sourceTree = "<group>";
		};
		FE8414D41CCF51500099F106 /* ProofChecker */ = {
			isa = PBXGroup;
			children = (
				FE8414E61CCF5FE30099F106 /* MBProgressHUD.h */,
				FE8414E71CCF5FE30099F106 /* MBProgressHUD.m */,
				FE8414D51CCF51500099F106 /* AppDelegate.swift */,
				FE8414D71CCF51510099F106 /* Assets.xcassets */,
				FE8414D91CCF51510099F106 /* MainMenu.xib */,
				FE8414DC1CCF51510099F106 /* Info.plist */,
				FE8414E21CCF5F6C0099F106 /* ProofChecker-Bridging-Header.h */,
			);
			path = ProofChecker;
			sourceTree = "<group>";
		};
/* End PBXGroup section */

/* Begin PBXNativeTarget section */
		FE8414D11CCF51500099F106 /* ProofChecker */ = {
			isa = PBXNativeTarget;
			buildConfigurationList = FE8414DF1CCF51510099F106 /* Build configuration list for PBXNativeTarget "ProofChecker" */;
			buildPhases = (
				FE8414CE1CCF51500099F106 /* Sources */,
				FE8414CF1CCF51500099F106 /* Frameworks */,
				FE8414D01CCF51500099F106 /* Resources */,
			);
			buildRules = (
			);
			dependencies = (
			);
			name = ProofChecker;
			productName = ProofChecker;
			productReference = FE8414D21CCF51500099F106 /* ProofChecker.app */;
			productType = "com.apple.product-type.application";
		};
/* End PBXNativeTarget section */

/* Begin PBXProject section */
		FE8414CA1CCF51500099F106 /* Project object */ = {
			isa = PBXProject;
			attributes = {
				LastSwiftUpdateCheck = 0730;
				LastUpgradeCheck = 0730;
				ORGANIZATIONNAME = "龚杰洪";
				TargetAttributes = {
					FE8414D11CCF51500099F106 = {
						CreatedOnToolsVersion = 7.3;
						DevelopmentTeam = 44YP76NRV2;
					};
				};
			};
			buildConfigurationList = FE8414CD1CCF51500099F106 /* Build configuration list for PBXProject "ProofChecker" */;
			compatibilityVersion = "Xcode 3.2";
			developmentRegion = English;
			hasScannedForEncodings = 0;
			knownRegions = (
				en,
				Base,
			);
			mainGroup = FE8414C91CCF51500099F106;
			productRefGroup = FE8414D31CCF51500099F106 /* Products */;
			projectDirPath = "";
			projectRoot = "";
			targets = (
				FE8414D11CCF51500099F106 /* ProofChecker */,
			);
		};
/* End PBXProject section */

/* Begin PBXResourcesBuildPhase section */
		FE8414D01CCF51500099F106 /* Resources */ = {
			isa = PBXResourcesBuildPhase;
			buildActionMask = 2147483647;
			files = (
				FE8414D81CCF51510099F106 /* Assets.xcassets in Resources */,
				FE8414DB1CCF51510099F106 /* MainMenu.xib in Resources */,
			);
			runOnlyForDeploymentPostprocessing = 0;
		};
/* End PBXResourcesBuildPhase section */

/* Begin PBXSourcesBuildPhase section */
		FE8414CE1CCF51500099F106 /* Sources */ = {
			isa = PBXSourcesBuildPhase;
			buildActionMask = 2147483647;
			files = (
				FE8414D61CCF51500099F106 /* AppDelegate.swift in Sources */,
				FE8414E81CCF5FE30099F106 /* MBProgressHUD.m in Sources */,
			);
			runOnlyForDeploymentPostprocessing = 0;
		};
/* End PBXSourcesBuildPhase section */

/* Begin PBXVariantGroup section */
		FE8414D91CCF51510099F106 /* MainMenu.xib */ = {
			isa = PBXVariantGroup;
			children = (
				FE8414DA1CCF51510099F106 /* Base */,
			);
			name = MainMenu.xib;
			sourceTree = "<group>";
		};
/* End PBXVariantGroup section */

/* Begin XCBuildConfiguration section */
		FE8414DD1CCF51510099F106 /* Debug */ = {
			isa = XCBuildConfiguration;
			buildSettings = {
				ALWAYS_SEARCH_USER_PATHS = NO;
				CLANG_ANALYZER_NONNULL = YES;
				CLANG_CXX_LANGUAGE_STANDARD = "gnu++0x";
				CLANG_CXX_LIBRARY = "libc++";
				CLANG_ENABLE_MODULES = YES;
				CLANG_ENABLE_OBJC_ARC = YES;
				CLANG_WARN_BOOL_CONVERSION = YES;
				CLANG_WARN_CONSTANT_CONVERSION = YES;
				CLANG_WARN_DIRECT_OBJC_ISA_USAGE = YES_ERROR;
				CLANG_WARN_EMPTY_BODY = YES;
				CLANG_WARN_ENUM_CONVERSION = YES;
				CLANG_WARN_INT_CONVERSION = YES;
				CLANG_WARN_OBJC_ROOT_CLASS = YES_ERROR;
				CLANG_WARN_UNREACHABLE_CODE = YES;
				CLANG_WARN__DUPLICATE_METHOD_MATCH = YES;
				CODE_SIGN_IDENTITY = "-";
				COPY_PHASE_STRIP = NO;
				DEBUG_INFORMATION_FORMAT = dwarf;
				ENABLE_STRICT_OBJC_MSGSEND = YES;
				ENABLE_TESTABILITY = YES;
				GCC_C_LANGUAGE_STANDARD = gnu99;
				GCC_DYNAMIC_NO_PIC = NO;
				GCC_NO_COMMON_BLOCKS = YES;
				GCC_OPTIMIZATION_LEVEL = 0;
				GCC_PREPROCESSOR_DEFINITIONS = (
					"DEBUG=1",
					"$(inherited)",
				);
				GCC_WARN_64_TO_32_BIT_CONVERSION = YES;
				GCC_WARN_ABOUT_RETURN_TYPE = YES_ERROR;
				GCC_WARN_UNDECLARED_SELECTOR = YES;
				GCC_WARN_UNINITIALIZED_AUTOS = YES_AGGRESSIVE;
				GCC_WARN_UNUSED_FUNCTION = YES;
				GCC_WARN_UNUSED_VARIABLE = YES;
				MACOSX_DEPLOYMENT_TARGET = 10.11;
				MTL_ENABLE_DEBUG_INFO = YES;
				ONLY_ACTIVE_ARCH = YES;
				SDKROOT = macosx;
				SWIFT_OPTIMIZATION_LEVEL = "-Onone";
			};
			name = Debug;
		};
		FE8414DE1CCF51510099F106 /* Release */ = {
			isa = XCBuildConfiguration;
			buildSettings = {
				ALWAYS_SEARCH_USER_PATHS = NO;
				CLANG_ANALYZER_NONNULL = YES;
				CLANG_CXX_LANGUAGE_STANDARD = "gnu++0x";
				CLANG_CXX_LIBRARY = "libc++";
				CLANG_ENABLE_MODULES = YES;
				CLANG_ENABLE_OBJC_ARC = YES;
				CLANG_WARN_BOOL_CONVERSION = YES;
				CLANG_WARN_CONSTANT_CONVERSION = YES;
				CLANG_WARN_DIRECT_OBJC_ISA_USAGE = YES_ERROR;
				CLANG_WARN_EMPTY_BODY = YES;
				CLANG_WARN_ENUM_CONVERSION = YES;
				CLANG_WARN_INT_CONVERSION = YES;
				CLANG_WARN_OBJC_ROOT_CLASS = YES_ERROR;
				CLANG_WARN_UNREACHABLE_CODE = YES;
				CLANG_WARN__DUPLICATE_METHOD_MATCH = YES;
				CODE_SIGN_IDENTITY = "-";
				COPY_PHASE_STRIP = NO;
				DEBUG_INFORMATION_FORMAT = "dwarf-with-dsym";
				ENABLE_NS_ASSERTIONS = NO;
				ENABLE_STRICT_OBJC_MSGSEND = YES;
				GCC_C_LANGUAGE_STANDARD = gnu99;
				GCC_NO_COMMON_BLOCKS = YES;
				GCC_WARN_64_TO_32_BIT_CONVERSION = YES;
				GCC_WARN_ABOUT_RETURN_TYPE = YES_ERROR;
				GCC_WARN_UNDECLARED_SELECTOR = YES;
				GCC_WARN_UNINITIALIZED_AUTOS = YES_AGGRESSIVE;
				GCC_WARN_UNUSED_FUNCTION = YES;
				GCC_WARN_UNUSED_VARIABLE = YES;
				MACOSX_DEPLOYMENT_TARGET = 10.11;
				MTL_ENABLE_DEBUG_INFO = NO;
				SDKROOT = macosx;
			};
			name = Release;
		};
		FE8414E01CCF51510099F106 /* Debug */ = {
			isa = XCBuildConfiguration;
			buildSettings = {
				ASSETCATALOG_COMPILER_APPICON_NAME = AppIcon;
				CLANG_ENABLE_MODULES = YES;
				CODE_SIGN_IDENTITY = "Developer ID Application";
				COMBINE_HIDPI_IMAGES = YES;
				INFOPLIST_FILE = ProofChecker/Info.plist;
				LD_RUNPATH_SEARCH_PATHS = "$(inherited) @executable_path/../Frameworks";
				MACOSX_DEPLOYMENT_TARGET = 10.10;
				PRODUCT_BUNDLE_IDENTIFIER = com.gjh.ProofChecker;
				PRODUCT_NAME = "$(TARGET_NAME)";
				SWIFT_OBJC_BRIDGING_HEADER = "ProofChecker/ProofChecker-Bridging-Header.h";
				SWIFT_OPTIMIZATION_LEVEL = "-Onone";
			};
			name = Debug;
		};
		FE8414E11CCF51510099F106 /* Release */ = {
			isa = XCBuildConfiguration;
			buildSettings = {
				ASSETCATALOG_COMPILER_APPICON_NAME = AppIcon;
				CLANG_ENABLE_MODULES = YES;
				CODE_SIGN_IDENTITY = "Developer ID Application";
				COMBINE_HIDPI_IMAGES = YES;
				INFOPLIST_FILE = ProofChecker/Info.plist;
				LD_RUNPATH_SEARCH_PATHS = "$(inherited) @executable_path/../Frameworks";
				MACOSX_DEPLOYMENT_TARGET = 10.10;
				PRODUCT_BUNDLE_IDENTIFIER = com.gjh.ProofChecker;
				PRODUCT_NAME = "$(TARGET_NAME)";
				SWIFT_OBJC_BRIDGING_HEADER = "ProofChecker/ProofChecker-Bridging-Header.h";
			};
			name = Release;
		};
/* End XCBuildConfiguration section */

/* Begin XCConfigurationList section */
		FE8414CD1CCF51500099F106 /* Build configuration list for PBXProject "ProofChecker" */ = {
			isa = XCConfigurationList;
			buildConfigurations = (
				FE8414DD1CCF51510099F106 /* Debug */,
				FE8414DE1CCF51510099F106 /* Release */,
			);
			defaultConfigurationIsVisible = 0;
			defaultConfigurationName = Release;
		};
		FE8414DF1CCF51510099F106 /* Build configuration list for PBXNativeTarget "ProofChecker" */ = {
			isa = XCConfigurationList;
			buildConfigurations = (
				FE8414E01CCF51510099F106 /* Debug */,
				FE8414E11CCF51510099F106 /* Release */,
			);
			defaultConfigurationIsVisible = 0;
			defaultConfigurationName = Release;
		};
/* End XCConfigurationList section */
	};
	rootObject = FE8414CA1CCF51500099F106 /* Project object */;
}
